// !$*UTF8*$!
{
	archiveVersion = 1;
	classes = {
	};
	objectVersion = 51;
	objects = {

/* Begin PBXBuildFile section */
		6E861FEB2509A82700959612 /* AppDelegate.swift in Sources */ = {isa = PBXBuildFile; fileRef = 6E861FEA2509A82700959612 /* AppDelegate.swift */; };
		6E861FED2509A82700959612 /* SceneDelegate.swift in Sources */ = {isa = PBXBuildFile; fileRef = 6E861FEC2509A82700959612 /* SceneDelegate.swift */; };
		6E861FEF2509A82700959612 /* HomeViewController.swift in Sources */ = {isa = PBXBuildFile; fileRef = 6E861FEE2509A82700959612 /* HomeViewController.swift */; };
		6E861FF22509A82700959612 /* Main.storyboard in Resources */ = {isa = PBXBuildFile; fileRef = 6E861FF02509A82700959612 /* Main.storyboard */; };
		6E861FF42509A82900959612 /* Assets.xcassets in Resources */ = {isa = PBXBuildFile; fileRef = 6E861FF32509A82900959612 /* Assets.xcassets */; };
		6E861FF72509A82900959612 /* LaunchScreen.storyboard in Resources */ = {isa = PBXBuildFile; fileRef = 6E861FF52509A82900959612 /* LaunchScreen.storyboard */; };
		6E8620042509A9A800959612 /* ExploreViewController.swift in Sources */ = {isa = PBXBuildFile; fileRef = 6E8620032509A9A800959612 /* ExploreViewController.swift */; };
		6E8620062509A9BF00959612 /* CameraViewController.swift in Sources */ = {isa = PBXBuildFile; fileRef = 6E8620052509A9BF00959612 /* CameraViewController.swift */; };
		6E8620082509A9D500959612 /* NotificationsViewController.swift in Sources */ = {isa = PBXBuildFile; fileRef = 6E8620072509A9D500959612 /* NotificationsViewController.swift */; };
		6E86200A2509A9E200959612 /* ProfileViewController.swift in Sources */ = {isa = PBXBuildFile; fileRef = 6E8620092509A9E200959612 /* ProfileViewController.swift */; };
		6E86200F2509AA6000959612 /* LoginViewController.swift in Sources */ = {isa = PBXBuildFile; fileRef = 6E86200E2509AA6000959612 /* LoginViewController.swift */; };
		6E8620112509AA6C00959612 /* RegistrationViewController.swift in Sources */ = {isa = PBXBuildFile; fileRef = 6E8620102509AA6C00959612 /* RegistrationViewController.swift */; };
		6E8620132509AA8800959612 /* PostViewController.swift in Sources */ = {isa = PBXBuildFile; fileRef = 6E8620122509AA8800959612 /* PostViewController.swift */; };
		6E8620152509AAA400959612 /* EditProfileViewController.swift in Sources */ = {isa = PBXBuildFile; fileRef = 6E8620142509AAA400959612 /* EditProfileViewController.swift */; };
		6E8620172509AADE00959612 /* SettingsViewController.swift in Sources */ = {isa = PBXBuildFile; fileRef = 6E8620162509AADE00959612 /* SettingsViewController.swift */; };
		6E8620192509AB0A00959612 /* ListViewController.swift in Sources */ = {isa = PBXBuildFile; fileRef = 6E8620182509AB0A00959612 /* ListViewController.swift */; };
		6E86201B2509AB1A00959612 /* SearchViewController.swift in Sources */ = {isa = PBXBuildFile; fileRef = 6E86201A2509AB1A00959612 /* SearchViewController.swift */; };
		6E86201D2509AB2900959612 /* SearchResultViewController.swift in Sources */ = {isa = PBXBuildFile; fileRef = 6E86201C2509AB2900959612 /* SearchResultViewController.swift */; };
		6E86201F2509AB5E00959612 /* PostEditorViewController.swift in Sources */ = {isa = PBXBuildFile; fileRef = 6E86201E2509AB5E00959612 /* PostEditorViewController.swift */; };
		6E8620212509AB6E00959612 /* PublishPostViewController.swift in Sources */ = {isa = PBXBuildFile; fileRef = 6E8620202509AB6E00959612 /* PublishPostViewController.swift */; };
		6E8620232509B48B00959612 /* GoogleService-Info.plist in Resources */ = {isa = PBXBuildFile; fileRef = 6E8620222509B48B00959612 /* GoogleService-Info.plist */; };
		6E8620262509B80100959612 /* DatabaseManager.swift in Sources */ = {isa = PBXBuildFile; fileRef = 6E8620252509B80100959612 /* DatabaseManager.swift */; };
		6E8620282509B8CE00959612 /* AuthManager.swift in Sources */ = {isa = PBXBuildFile; fileRef = 6E8620272509B8CE00959612 /* AuthManager.swift */; };
		6E86202A2509B93C00959612 /* StorageManager.swift in Sources */ = {isa = PBXBuildFile; fileRef = 6E8620292509B93C00959612 /* StorageManager.swift */; };
		7D334C960A9BA88FBF27CA0C /* Pods_Instagram.framework in Frameworks */ = {isa = PBXBuildFile; fileRef = 65A8929159C456811D88F114 /* Pods_Instagram.framework */; };
/* End PBXBuildFile section */

/* Begin PBXFileReference section */
		3FC8C5425D399FED1F148BE4 /* Pods-Instagram.debug.xcconfig */ = {isa = PBXFileReference; includeInIndex = 1; lastKnownFileType = text.xcconfig; name = "Pods-Instagram.debug.xcconfig"; path = "Target Support Files/Pods-Instagram/Pods-Instagram.debug.xcconfig"; sourceTree = "<group>"; };
		65A8929159C456811D88F114 /* Pods_Instagram.framework */ = {isa = PBXFileReference; explicitFileType = wrapper.framework; includeInIndex = 0; path = Pods_Instagram.framework; sourceTree = BUILT_PRODUCTS_DIR; };
		6E861FE72509A82700959612 /* Instagram.app */ = {isa = PBXFileReference; explicitFileType = wrapper.application; includeInIndex = 0; path = Instagram.app; sourceTree = BUILT_PRODUCTS_DIR; };
		6E861FEA2509A82700959612 /* AppDelegate.swift */ = {isa = PBXFileReference; lastKnownFileType = sourcecode.swift; path = AppDelegate.swift; sourceTree = "<group>"; };
		6E861FEC2509A82700959612 /* SceneDelegate.swift */ = {isa = PBXFileReference; lastKnownFileType = sourcecode.swift; path = SceneDelegate.swift; sourceTree = "<group>"; };
		6E861FEE2509A82700959612 /* HomeViewController.swift */ = {isa = PBXFileReference; lastKnownFileType = sourcecode.swift; path = HomeViewController.swift; sourceTree = "<group>"; };
		6E861FF12509A82700959612 /* Base */ = {isa = PBXFileReference; lastKnownFileType = file.storyboard; name = Base; path = Base.lproj/Main.storyboard; sourceTree = "<group>"; };
		6E861FF32509A82900959612 /* Assets.xcassets */ = {isa = PBXFileReference; lastKnownFileType = folder.assetcatalog; path = Assets.xcassets; sourceTree = "<group>"; };
		6E861FF62509A82900959612 /* Base */ = {isa = PBXFileReference; lastKnownFileType = file.storyboard; name = Base; path = Base.lproj/LaunchScreen.storyboard; sourceTree = "<group>"; };
		6E861FF82509A82900959612 /* Info.plist */ = {isa = PBXFileReference; lastKnownFileType = text.plist.xml; path = Info.plist; sourceTree = "<group>"; };
		6E8620032509A9A800959612 /* ExploreViewController.swift */ = {isa = PBXFileReference; lastKnownFileType = sourcecode.swift; path = ExploreViewController.swift; sourceTree = "<group>"; };
		6E8620052509A9BF00959612 /* CameraViewController.swift */ = {isa = PBXFileReference; lastKnownFileType = sourcecode.swift; path = CameraViewController.swift; sourceTree = "<group>"; };
		6E8620072509A9D500959612 /* NotificationsViewController.swift */ = {isa = PBXFileReference; lastKnownFileType = sourcecode.swift; path = NotificationsViewController.swift; sourceTree = "<group>"; };
		6E8620092509A9E200959612 /* ProfileViewController.swift */ = {isa = PBXFileReference; lastKnownFileType = sourcecode.swift; path = ProfileViewController.swift; sourceTree = "<group>"; };
		6E86200E2509AA6000959612 /* LoginViewController.swift */ = {isa = PBXFileReference; lastKnownFileType = sourcecode.swift; path = LoginViewController.swift; sourceTree = "<group>"; };
		6E8620102509AA6C00959612 /* RegistrationViewController.swift */ = {isa = PBXFileReference; lastKnownFileType = sourcecode.swift; path = RegistrationViewController.swift; sourceTree = "<group>"; };
		6E8620122509AA8800959612 /* PostViewController.swift */ = {isa = PBXFileReference; lastKnownFileType = sourcecode.swift; path = PostViewController.swift; sourceTree = "<group>"; };
		6E8620142509AAA400959612 /* EditProfileViewController.swift */ = {isa = PBXFileReference; lastKnownFileType = sourcecode.swift; path = EditProfileViewController.swift; sourceTree = "<group>"; };
		6E8620162509AADE00959612 /* SettingsViewController.swift */ = {isa = PBXFileReference; lastKnownFileType = sourcecode.swift; path = SettingsViewController.swift; sourceTree = "<group>"; };
		6E8620182509AB0A00959612 /* ListViewController.swift */ = {isa = PBXFileReference; lastKnownFileType = sourcecode.swift; path = ListViewController.swift; sourceTree = "<group>"; };
		6E86201A2509AB1A00959612 /* SearchViewController.swift */ = {isa = PBXFileReference; lastKnownFileType = sourcecode.swift; path = SearchViewController.swift; sourceTree = "<group>"; };
		6E86201C2509AB2900959612 /* SearchResultViewController.swift */ = {isa = PBXFileReference; lastKnownFileType = sourcecode.swift; path = SearchResultViewController.swift; sourceTree = "<group>"; };
		6E86201E2509AB5E00959612 /* PostEditorViewController.swift */ = {isa = PBXFileReference; lastKnownFileType = sourcecode.swift; path = PostEditorViewController.swift; sourceTree = "<group>"; };
		6E8620202509AB6E00959612 /* PublishPostViewController.swift */ = {isa = PBXFileReference; lastKnownFileType = sourcecode.swift; path = PublishPostViewController.swift; sourceTree = "<group>"; };
		6E8620222509B48B00959612 /* GoogleService-Info.plist */ = {isa = PBXFileReference; fileEncoding = 4; lastKnownFileType = text.plist.xml; path = "GoogleService-Info.plist"; sourceTree = "<group>"; };
		6E8620252509B80100959612 /* DatabaseManager.swift */ = {isa = PBXFileReference; lastKnownFileType = sourcecode.swift; path = DatabaseManager.swift; sourceTree = "<group>"; };
		6E8620272509B8CE00959612 /* AuthManager.swift */ = {isa = PBXFileReference; lastKnownFileType = sourcecode.swift; path = AuthManager.swift; sourceTree = "<group>"; };
		6E8620292509B93C00959612 /* StorageManager.swift */ = {isa = PBXFileReference; lastKnownFileType = sourcecode.swift; path = StorageManager.swift; sourceTree = "<group>"; };
		7A6FAF2C9CD32D7FCC512128 /* Pods-Instagram.release.xcconfig */ = {isa = PBXFileReference; includeInIndex = 1; lastKnownFileType = text.xcconfig; name = "Pods-Instagram.release.xcconfig"; path = "Target Support Files/Pods-Instagram/Pods-Instagram.release.xcconfig"; sourceTree = "<group>"; };
/* End PBXFileReference section */

/* Begin PBXFrameworksBuildPhase section */
		6E861FE42509A82700959612 /* Frameworks */ = {
			isa = PBXFrameworksBuildPhase;
			buildActionMask = 2147483647;
			files = (
				7D334C960A9BA88FBF27CA0C /* Pods_Instagram.framework in Frameworks */,
			);
			runOnlyForDeploymentPostprocessing = 0;
		};
/* End PBXFrameworksBuildPhase section */

/* Begin PBXGroup section */
		392C4A823A569114B3F7A4D6 /* Frameworks */ = {
			isa = PBXGroup;
			children = (
				65A8929159C456811D88F114 /* Pods_Instagram.framework */,
			);
			name = Frameworks;
			sourceTree = "<group>";
		};
		6E861FDE2509A82700959612 = {
			isa = PBXGroup;
			children = (
				6E861FE92509A82700959612 /* Instagram */,
				6E861FE82509A82700959612 /* Products */,
				DFE80BAD6DC721B336BE211F /* Pods */,
				392C4A823A569114B3F7A4D6 /* Frameworks */,
			);
			sourceTree = "<group>";
		};
		6E861FE82509A82700959612 /* Products */ = {
			isa = PBXGroup;
			children = (
				6E861FE72509A82700959612 /* Instagram.app */,
			);
			name = Products;
			sourceTree = "<group>";
		};
		6E861FE92509A82700959612 /* Instagram */ = {
			isa = PBXGroup;
			children = (
				6E8620012509A8BC00959612 /* Resources */,
				6E8620002509A8AE00959612 /* Models */,
				6E861FFF2509A8A100959612 /* Views */,
				6E8620022509A90900959612 /* Storyboards */,
				6E861FFE2509A88800959612 /* Controllers */,
				6E861FF82509A82900959612 /* Info.plist */,
			);
			path = Instagram;
			sourceTree = "<group>";
		};
		6E861FFE2509A88800959612 /* Controllers */ = {
			isa = PBXGroup;
			children = (
				6E86200C2509AA3600959612 /* Other */,
				6E86200B2509A9EC00959612 /* Core Tabs */,
			);
			path = Controllers;
			sourceTree = "<group>";
		};
		6E861FFF2509A8A100959612 /* Views */ = {
			isa = PBXGroup;
			children = (
				6E861FF32509A82900959612 /* Assets.xcassets */,
			);
			path = Views;
			sourceTree = "<group>";
		};
		6E8620002509A8AE00959612 /* Models */ = {
			isa = PBXGroup;
			children = (
			);
			path = Models;
			sourceTree = "<group>";
		};
		6E8620012509A8BC00959612 /* Resources */ = {
			isa = PBXGroup;
			children = (
				6E8620222509B48B00959612 /* GoogleService-Info.plist */,
				6E861FEA2509A82700959612 /* AppDelegate.swift */,
				6E861FEC2509A82700959612 /* SceneDelegate.swift */,
				6E8620252509B80100959612 /* DatabaseManager.swift */,
				6E8620272509B8CE00959612 /* AuthManager.swift */,
				6E8620292509B93C00959612 /* StorageManager.swift */,
			);
			path = Resources;
			sourceTree = "<group>";
		};
		6E8620022509A90900959612 /* Storyboards */ = {
			isa = PBXGroup;
			children = (
				6E861FF02509A82700959612 /* Main.storyboard */,
				6E861FF52509A82900959612 /* LaunchScreen.storyboard */,
			);
			path = Storyboards;
			sourceTree = "<group>";
		};
		6E86200B2509A9EC00959612 /* Core Tabs */ = {
			isa = PBXGroup;
			children = (
				6E861FEE2509A82700959612 /* HomeViewController.swift */,
				6E8620032509A9A800959612 /* ExploreViewController.swift */,
				6E8620052509A9BF00959612 /* CameraViewController.swift */,
				6E8620072509A9D500959612 /* NotificationsViewController.swift */,
				6E8620092509A9E200959612 /* ProfileViewController.swift */,
			);
			path = "Core Tabs";
			sourceTree = "<group>";
		};
		6E86200C2509AA3600959612 /* Other */ = {
			isa = PBXGroup;
			children = (
				6E86200D2509AA4D00959612 /* Onboarding */,
				6E8620242509B74300959612 /* General */,
			);
			path = Other;
			sourceTree = "<group>";
		};
		6E86200D2509AA4D00959612 /* Onboarding */ = {
			isa = PBXGroup;
			children = (
				6E86200E2509AA6000959612 /* LoginViewController.swift */,
				6E8620102509AA6C00959612 /* RegistrationViewController.swift */,
			);
			path = Onboarding;
			sourceTree = "<group>";
		};
		6E8620242509B74300959612 /* General */ = {
			isa = PBXGroup;
			children = (
				6E8620122509AA8800959612 /* PostViewController.swift */,
				6E8620142509AAA400959612 /* EditProfileViewController.swift */,
				6E8620162509AADE00959612 /* SettingsViewController.swift */,
				6E8620182509AB0A00959612 /* ListViewController.swift */,
				6E86201A2509AB1A00959612 /* SearchViewController.swift */,
				6E86201C2509AB2900959612 /* SearchResultViewController.swift */,
				6E86201E2509AB5E00959612 /* PostEditorViewController.swift */,
				6E8620202509AB6E00959612 /* PublishPostViewController.swift */,
			);
			path = General;
			sourceTree = "<group>";
		};
		DFE80BAD6DC721B336BE211F /* Pods */ = {
			isa = PBXGroup;
			children = (
				3FC8C5425D399FED1F148BE4 /* Pods-Instagram.debug.xcconfig */,
				7A6FAF2C9CD32D7FCC512128 /* Pods-Instagram.release.xcconfig */,
			);
			path = Pods;
			sourceTree = "<group>";
		};
/* End PBXGroup section */

/* Begin PBXNativeTarget section */
		6E861FE62509A82700959612 /* Instagram */ = {
			isa = PBXNativeTarget;
			buildConfigurationList = 6E861FFB2509A82900959612 /* Build configuration list for PBXNativeTarget "Instagram" */;
			buildPhases = (
				68ACF21484E6648B2F7EF8F4 /* [CP] Check Pods Manifest.lock */,
				6E861FE32509A82700959612 /* Sources */,
				6E861FE42509A82700959612 /* Frameworks */,
				6E861FE52509A82700959612 /* Resources */,
				524153B306812D33F2059B27 /* [CP] Embed Pods Frameworks */,
			);
			buildRules = (
			);
			dependencies = (
			);
			name = Instagram;
			productName = Instagram;
			productReference = 6E861FE72509A82700959612 /* Instagram.app */;
			productType = "com.apple.product-type.application";
		};
/* End PBXNativeTarget section */

/* Begin PBXProject section */
		6E861FDF2509A82700959612 /* Project object */ = {
			isa = PBXProject;
			attributes = {
				LastSwiftUpdateCheck = 1170;
				LastUpgradeCheck = 1170;
				ORGANIZATIONNAME = "Stanislav Kogiku";
				TargetAttributes = {
					6E861FE62509A82700959612 = {
						CreatedOnToolsVersion = 11.7;
					};
				};
			};
			buildConfigurationList = 6E861FE22509A82700959612 /* Build configuration list for PBXProject "Instagram" */;
			compatibilityVersion = "Xcode 9.3";
			developmentRegion = en;
			hasScannedForEncodings = 0;
			knownRegions = (
				en,
				Base,
			);
			mainGroup = 6E861FDE2509A82700959612;
			productRefGroup = 6E861FE82509A82700959612 /* Products */;
			projectDirPath = "";
			projectRoot = "";
			targets = (
				6E861FE62509A82700959612 /* Instagram */,
			);
		};
/* End PBXProject section */

/* Begin PBXResourcesBuildPhase section */
		6E861FE52509A82700959612 /* Resources */ = {
			isa = PBXResourcesBuildPhase;
			buildActionMask = 2147483647;
			files = (
				6E861FF72509A82900959612 /* LaunchScreen.storyboard in Resources */,
				6E8620232509B48B00959612 /* GoogleService-Info.plist in Resources */,
				6E861FF42509A82900959612 /* Assets.xcassets in Resources */,
				6E861FF22509A82700959612 /* Main.storyboard in Resources */,
			);
			runOnlyForDeploymentPostprocessing = 0;
		};
/* End PBXResourcesBuildPhase section */

/* Begin PBXShellScriptBuildPhase section */
		524153B306812D33F2059B27 /* [CP] Embed Pods Frameworks */ = {
			isa = PBXShellScriptBuildPhase;
			buildActionMask = 2147483647;
			files = (
			);
			inputFileListPaths = (
				"${PODS_ROOT}/Target Support Files/Pods-Instagram/Pods-Instagram-frameworks-${CONFIGURATION}-input-files.xcfilelist",
			);
			name = "[CP] Embed Pods Frameworks";
			outputFileListPaths = (
				"${PODS_ROOT}/Target Support Files/Pods-Instagram/Pods-Instagram-frameworks-${CONFIGURATION}-output-files.xcfilelist",
			);
			runOnlyForDeploymentPostprocessing = 0;
			shellPath = /bin/sh;
			shellScript = "\"${PODS_ROOT}/Target Support Files/Pods-Instagram/Pods-Instagram-frameworks.sh\"\n";
			showEnvVarsInLog = 0;
		};
		68ACF21484E6648B2F7EF8F4 /* [CP] Check Pods Manifest.lock */ = {
			isa = PBXShellScriptBuildPhase;
			buildActionMask = 2147483647;
			files = (
			);
			inputFileListPaths = (
			);
			inputPaths = (
				"${PODS_PODFILE_DIR_PATH}/Podfile.lock",
				"${PODS_ROOT}/Manifest.lock",
			);
			name = "[CP] Check Pods Manifest.lock";
			outputFileListPaths = (
			);
			outputPaths = (
				"$(DERIVED_FILE_DIR)/Pods-Instagram-checkManifestLockResult.txt",
			);
			runOnlyForDeploymentPostprocessing = 0;
			shellPath = /bin/sh;
			shellScript = "diff \"${PODS_PODFILE_DIR_PATH}/Podfile.lock\" \"${PODS_ROOT}/Manifest.lock\" > /dev/null\nif [ $? != 0 ] ; then\n    # print error to STDERR\n    echo \"error: The sandbox is not in sync with the Podfile.lock. Run 'pod install' or update your CocoaPods installation.\" >&2\n    exit 1\nfi\n# This output is used by Xcode 'outputs' to avoid re-running this script phase.\necho \"SUCCESS\" > \"${SCRIPT_OUTPUT_FILE_0}\"\n";
			showEnvVarsInLog = 0;
		};
/* End PBXShellScriptBuildPhase section */

/* Begin PBXSourcesBuildPhase section */
		6E861FE32509A82700959612 /* Sources */ = {
			isa = PBXSourcesBuildPhase;
			buildActionMask = 2147483647;
			files = (
				6E8620152509AAA400959612 /* EditProfileViewController.swift in Sources */,
				6E8620042509A9A800959612 /* ExploreViewController.swift in Sources */,
				6E8620212509AB6E00959612 /* PublishPostViewController.swift in Sources */,
				6E8620062509A9BF00959612 /* CameraViewController.swift in Sources */,
				6E861FEF2509A82700959612 /* HomeViewController.swift in Sources */,
				6E8620112509AA6C00959612 /* RegistrationViewController.swift in Sources */,
				6E86201F2509AB5E00959612 /* PostEditorViewController.swift in Sources */,
				6E86202A2509B93C00959612 /* StorageManager.swift in Sources */,
				6E8620132509AA8800959612 /* PostViewController.swift in Sources */,
				6E8620262509B80100959612 /* DatabaseManager.swift in Sources */,
				6E8620082509A9D500959612 /* NotificationsViewController.swift in Sources */,
				6E86201D2509AB2900959612 /* SearchResultViewController.swift in Sources */,
				6E86200F2509AA6000959612 /* LoginViewController.swift in Sources */,
				6E86201B2509AB1A00959612 /* SearchViewController.swift in Sources */,
				6E86200A2509A9E200959612 /* ProfileViewController.swift in Sources */,
				6E8620282509B8CE00959612 /* AuthManager.swift in Sources */,
				6E861FEB2509A82700959612 /* AppDelegate.swift in Sources */,
				6E861FED2509A82700959612 /* SceneDelegate.swift in Sources */,
				6E8620192509AB0A00959612 /* ListViewController.swift in Sources */,
				6E8620172509AADE00959612 /* SettingsViewController.swift in Sources */,
			);
			runOnlyForDeploymentPostprocessing = 0;
		};
/* End PBXSourcesBuildPhase section */

/* Begin PBXVariantGroup section */
		6E861FF02509A82700959612 /* Main.storyboard */ = {
			isa = PBXVariantGroup;
			children = (
				6E861FF12509A82700959612 /* Base */,
			);
			name = Main.storyboard;
			sourceTree = "<group>";
		};
		6E861FF52509A82900959612 /* LaunchScreen.storyboard */ = {
			isa = PBXVariantGroup;
			children = (
				6E861FF62509A82900959612 /* Base */,
			);
			name = LaunchScreen.storyboard;
			sourceTree = "<group>";
		};
/* End PBXVariantGroup section */

/* Begin XCBuildConfiguration section */
		6E861FF92509A82900959612 /* Debug */ = {
			isa = XCBuildConfiguration;
			buildSettings = {
				ALWAYS_SEARCH_USER_PATHS = NO;
				CLANG_ANALYZER_NONNULL = YES;
				CLANG_ANALYZER_NUMBER_OBJECT_CONVERSION = YES_AGGRESSIVE;
				CLANG_CXX_LANGUAGE_STANDARD = "gnu++14";
				CLANG_CXX_LIBRARY = "libc++";
				CLANG_ENABLE_MODULES = YES;
				CLANG_ENABLE_OBJC_ARC = YES;
				CLANG_ENABLE_OBJC_WEAK = YES;
				CLANG_WARN_BLOCK_CAPTURE_AUTORELEASING = YES;
				CLANG_WARN_BOOL_CONVERSION = YES;
				CLANG_WARN_COMMA = YES;
				CLANG_WARN_CONSTANT_CONVERSION = YES;
				CLANG_WARN_DEPRECATED_OBJC_IMPLEMENTATIONS = YES;
				CLANG_WARN_DIRECT_OBJC_ISA_USAGE = YES_ERROR;
				CLANG_WARN_DOCUMENTATION_COMMENTS = YES;
				CLANG_WARN_EMPTY_BODY = YES;
				CLANG_WARN_ENUM_CONVERSION = YES;
				CLANG_WARN_INFINITE_RECURSION = YES;
				CLANG_WARN_INT_CONVERSION = YES;
				CLANG_WARN_NON_LITERAL_NULL_CONVERSION = YES;
				CLANG_WARN_OBJC_IMPLICIT_RETAIN_SELF = YES;
				CLANG_WARN_OBJC_LITERAL_CONVERSION = YES;
				CLANG_WARN_OBJC_ROOT_CLASS = YES_ERROR;
				CLANG_WARN_RANGE_LOOP_ANALYSIS = YES;
				CLANG_WARN_STRICT_PROTOTYPES = YES;
				CLANG_WARN_SUSPICIOUS_MOVE = YES;
				CLANG_WARN_UNGUARDED_AVAILABILITY = YES_AGGRESSIVE;
				CLANG_WARN_UNREACHABLE_CODE = YES;
				CLANG_WARN__DUPLICATE_METHOD_MATCH = YES;
				COPY_PHASE_STRIP = NO;
				DEBUG_INFORMATION_FORMAT = dwarf;
				ENABLE_STRICT_OBJC_MSGSEND = YES;
				ENABLE_TESTABILITY = YES;
				GCC_C_LANGUAGE_STANDARD = gnu11;
				GCC_DYNAMIC_NO_PIC = NO;
				GCC_NO_COMMON_BLOCKS = YES;
				GCC_OPTIMIZATION_LEVEL = 0;
				GCC_PREPROCESSOR_DEFINITIONS = (
					"DEBUG=1",
					"$(inherited)",
				);
				GCC_WARN_64_TO_32_BIT_CONVERSION = YES;
				GCC_WARN_ABOUT_RETURN_TYPE = YES_ERROR;
				GCC_WARN_UNDECLARED_SELECTOR = YES;
				GCC_WARN_UNINITIALIZED_AUTOS = YES_AGGRESSIVE;
				GCC_WARN_UNUSED_FUNCTION = YES;
				GCC_WARN_UNUSED_VARIABLE = YES;
				IPHONEOS_DEPLOYMENT_TARGET = 13.7;
				MTL_ENABLE_DEBUG_INFO = INCLUDE_SOURCE;
				MTL_FAST_MATH = YES;
				ONLY_ACTIVE_ARCH = YES;
				SDKROOT = iphoneos;
				SWIFT_ACTIVE_COMPILATION_CONDITIONS = DEBUG;
				SWIFT_OPTIMIZATION_LEVEL = "-Onone";
			};
			name = Debug;
		};
		6E861FFA2509A82900959612 /* Release */ = {
			isa = XCBuildConfiguration;
			buildSettings = {
				ALWAYS_SEARCH_USER_PATHS = NO;
				CLANG_ANALYZER_NONNULL = YES;
				CLANG_ANALYZER_NUMBER_OBJECT_CONVERSION = YES_AGGRESSIVE;
				CLANG_CXX_LANGUAGE_STANDARD = "gnu++14";
				CLANG_CXX_LIBRARY = "libc++";
				CLANG_ENABLE_MODULES = YES;
				CLANG_ENABLE_OBJC_ARC = YES;
				CLANG_ENABLE_OBJC_WEAK = YES;
				CLANG_WARN_BLOCK_CAPTURE_AUTORELEASING = YES;
				CLANG_WARN_BOOL_CONVERSION = YES;
				CLANG_WARN_COMMA = YES;
				CLANG_WARN_CONSTANT_CONVERSION = YES;
				CLANG_WARN_DEPRECATED_OBJC_IMPLEMENTATIONS = YES;
				CLANG_WARN_DIRECT_OBJC_ISA_USAGE = YES_ERROR;
				CLANG_WARN_DOCUMENTATION_COMMENTS = YES;
				CLANG_WARN_EMPTY_BODY = YES;
				CLANG_WARN_ENUM_CONVERSION = YES;
				CLANG_WARN_INFINITE_RECURSION = YES;
				CLANG_WARN_INT_CONVERSION = YES;
				CLANG_WARN_NON_LITERAL_NULL_CONVERSION = YES;
				CLANG_WARN_OBJC_IMPLICIT_RETAIN_SELF = YES;
				CLANG_WARN_OBJC_LITERAL_CONVERSION = YES;
				CLANG_WARN_OBJC_ROOT_CLASS = YES_ERROR;
				CLANG_WARN_RANGE_LOOP_ANALYSIS = YES;
				CLANG_WARN_STRICT_PROTOTYPES = YES;
				CLANG_WARN_SUSPICIOUS_MOVE = YES;
				CLANG_WARN_UNGUARDED_AVAILABILITY = YES_AGGRESSIVE;
				CLANG_WARN_UNREACHABLE_CODE = YES;
				CLANG_WARN__DUPLICATE_METHOD_MATCH = YES;
				COPY_PHASE_STRIP = NO;
				DEBUG_INFORMATION_FORMAT = "dwarf-with-dsym";
				ENABLE_NS_ASSERTIONS = NO;
				ENABLE_STRICT_OBJC_MSGSEND = YES;
				GCC_C_LANGUAGE_STANDARD = gnu11;
				GCC_NO_COMMON_BLOCKS = YES;
				GCC_WARN_64_TO_32_BIT_CONVERSION = YES;
				GCC_WARN_ABOUT_RETURN_TYPE = YES_ERROR;
				GCC_WARN_UNDECLARED_SELECTOR = YES;
				GCC_WARN_UNINITIALIZED_AUTOS = YES_AGGRESSIVE;
				GCC_WARN_UNUSED_FUNCTION = YES;
				GCC_WARN_UNUSED_VARIABLE = YES;
				IPHONEOS_DEPLOYMENT_TARGET = 13.7;
				MTL_ENABLE_DEBUG_INFO = NO;
				MTL_FAST_MATH = YES;
				SDKROOT = iphoneos;
				SWIFT_COMPILATION_MODE = wholemodule;
				SWIFT_OPTIMIZATION_LEVEL = "-O";
				VALIDATE_PRODUCT = YES;
			};
			name = Release;
		};
		6E861FFC2509A82900959612 /* Debug */ = {
			isa = XCBuildConfiguration;
			baseConfigurationReference = 3FC8C5425D399FED1F148BE4 /* Pods-Instagram.debug.xcconfig */;
			buildSettings = {
				ASSETCATALOG_COMPILER_APPICON_NAME = AppIcon;
				CODE_SIGN_STYLE = Automatic;
				INFOPLIST_FILE = Instagram/Info.plist;
				LD_RUNPATH_SEARCH_PATHS = (
					"$(inherited)",
					"@executable_path/Frameworks",
				);
				PRODUCT_BUNDLE_IDENTIFIER = com.stanislavkogiku.Instagram;
				PRODUCT_NAME = "$(TARGET_NAME)";
				SWIFT_VERSION = 5.0;
				TARGETED_DEVICE_FAMILY = "1,2";
			};
			name = Debug;
		};
		6E861FFD2509A82900959612 /* Release */ = {
			isa = XCBuildConfiguration;
			baseConfigurationReference = 7A6FAF2C9CD32D7FCC512128 /* Pods-Instagram.release.xcconfig */;
			buildSettings = {
				ASSETCATALOG_COMPILER_APPICON_NAME = AppIcon;
				CODE_SIGN_STYLE = Automatic;
				INFOPLIST_FILE = Instagram/Info.plist;
				LD_RUNPATH_SEARCH_PATHS = (
					"$(inherited)",
					"@executable_path/Frameworks",
				);
				PRODUCT_BUNDLE_IDENTIFIER = com.stanislavkogiku.Instagram;
				PRODUCT_NAME = "$(TARGET_NAME)";
				SWIFT_VERSION = 5.0;
				TARGETED_DEVICE_FAMILY = "1,2";
			};
			name = Release;
		};
/* End XCBuildConfiguration section */

/* Begin XCConfigurationList section */
		6E861FE22509A82700959612 /* Build configuration list for PBXProject "Instagram" */ = {
			isa = XCConfigurationList;
			buildConfigurations = (
				6E861FF92509A82900959612 /* Debug */,
				6E861FFA2509A82900959612 /* Release */,
			);
			defaultConfigurationIsVisible = 0;
			defaultConfigurationName = Release;
		};
		6E861FFB2509A82900959612 /* Build configuration list for PBXNativeTarget "Instagram" */ = {
			isa = XCConfigurationList;
			buildConfigurations = (
				6E861FFC2509A82900959612 /* Debug */,
				6E861FFD2509A82900959612 /* Release */,
			);
			defaultConfigurationIsVisible = 0;
			defaultConfigurationName = Release;
		};
/* End XCConfigurationList section */
	};
	rootObject = 6E861FDF2509A82700959612 /* Project object */;
}
